{
  "version": "2",
  "remote": {
    "https://cdn.skypack.dev/-/filesize@v10.0.5-EIqiK7T5QwtKYfvewg2i/dist=es2019,mode=imports/optimized/filesize.js": "c98b2363fda2e3baa70b0667bcc016e08cd8fec39073e5868b2fa25d2cdc280a",
    "https://cdn.skypack.dev/filesize@10.0.5": "ffd1b46e4f473cc7aa6a34f6f3efcb4c4a860a5fa363af601ec24c4fdd12db17",
    "https://deno.land/std@0.161.0/encoding/base64.ts": "c57868ca7fa2fbe919f57f88a623ad34e3d970d675bdc1ff3a9d02bba7409db2",
    "https://deno.land/std@0.161.0/fmt/colors.ts": "9e36a716611dcd2e4865adea9c4bec916b5c60caad4cdcdc630d4974e6bb8bd4",
    "https://deno.land/std@0.184.0/_util/asserts.ts": "178dfc49a464aee693a7e285567b3d0b555dc805ff490505a8aae34f9cfb1462",
    "https://deno.land/std@0.184.0/crypto/_fnv/fnv32.ts": "e4649dfdefc5c987ed53c3c25db62db771a06d9d1b9c36d2b5cf0853b8e82153",
    "https://deno.land/std@0.184.0/crypto/_fnv/fnv64.ts": "bfa0e4702061fdb490a14e6bf5f9168a22fb022b307c5723499469bfefca555e",
    "https://deno.land/std@0.184.0/crypto/_fnv/mod.ts": "f956a95f58910f223e420340b7404702ecd429603acd4491fa77af84f746040c",
    "https://deno.land/std@0.184.0/crypto/_fnv/util.ts": "accba12bfd80a352e32a872f87df2a195e75561f1b1304a4cb4f5a4648d288f9",
    "https://deno.land/std@0.184.0/crypto/_wasm/lib/deno_std_wasm_crypto.generated.mjs": "bdd70a6183c6bdabc086ec2a5f828c86711b4201f1ba7954fc78385a664e8fae",
    "https://deno.land/std@0.184.0/crypto/_wasm/mod.ts": "e2df88236fc061eac7a89e8cb0b97843f5280b08b2a990e473b7397a3e566003",
    "https://deno.land/std@0.184.0/crypto/crypto.ts": "051d941627f1b6da0d5151d744e6c94658cdf43bfe14621610f0d7268f52b05f",
    "https://deno.land/std@0.184.0/crypto/keystack.ts": "877ab0f19eb7d37ad6495190d3c3e39f58e9c52e0b6a966f82fd6df67ca55f90",
    "https://deno.land/std@0.184.0/crypto/mod.ts": "ae384519e85eca9aeff4e7111ed153df8f3dbda7b35b70850ed4b3e9c8cec4d5",
    "https://deno.land/std@0.184.0/crypto/timing_safe_equal.ts": "0fae34ee02264f309ae0b6e54e9746a7aba3996e5454903ed106967a7a9ef665",
    "https://deno.land/std@0.184.0/crypto/to_hash_string.ts": "6927c768f3e373a1be4a31555a45ccecf7bd413105455cc334ad3f908cfa986f",
    "https://deno.land/std@0.184.0/encoding/base64.ts": "144ae6234c1fbe5b68666c711dc15b1e9ee2aef6d42b3b4345bf9a6c91d70d0d",
    "https://deno.land/std@0.184.0/encoding/base64url.ts": "2ed4ba122b20fedf226c5d337cf22ee2024fa73a8f85d915d442af7e9ce1fae1",
    "https://deno.land/std@0.184.0/encoding/hex.ts": "b4b1a7cb678745b0bf181ed8cf2498c7be00d121a7de244b752fbf9c7d9c48cd",
    "https://deno.land/std@0.185.0/fmt/colors.ts": "d67e3cd9f472535241a8e410d33423980bec45047e343577554d3356e1f0ef4e",
    "https://deno.land/std@0.185.0/testing/_diff.ts": "1a3c044aedf77647d6cac86b798c6417603361b66b54c53331b312caeb447aea",
    "https://deno.land/std@0.185.0/testing/_format.ts": "a69126e8a469009adf4cf2a50af889aca364c349797e63174884a52ff75cf4c7",
    "https://deno.land/std@0.185.0/testing/asserts.ts": "e16d98b4d73ffc4ed498d717307a12500ae4f2cbe668f1a215632d19fcffc22f",
    "https://deno.land/x/cliffy@v0.25.4/ansi/ansi.ts": "7f43d07d31dd7c24b721bb434c39cbb5132029fa4be3dd8938873065f65e5810",
    "https://deno.land/x/cliffy@v0.25.4/ansi/ansi_escapes.ts": "885f61f343223f27b8ec69cc138a54bea30542924eacd0f290cd84edcf691387",
    "https://deno.land/x/cliffy@v0.25.4/ansi/chain.ts": "31fb9fcbf72fed9f3eb9b9487270d2042ccd46a612d07dd5271b1a80ae2140a0",
    "https://deno.land/x/cliffy@v0.25.4/ansi/colors.ts": "df8c48c5a6b6fa50ceea9e6dfd031bef7257a02fd564e4c18ed9890a206c42ee",
    "https://deno.land/x/cliffy@v0.25.4/ansi/cursor_position.ts": "d537491e31d9c254b208277448eff92ff7f55978c4928dea363df92c0df0813f",
    "https://deno.land/x/cliffy@v0.25.4/ansi/deps.ts": "73ade5630e81216ede16a2908937cf55134290bb1822220df20ce4ba2d1ad337",
    "https://deno.land/x/cliffy@v0.25.4/ansi/mod.ts": "bb4e6588e6704949766205709463c8c33b30fec66c0b1846bc84a3db04a4e075",
    "https://deno.land/x/cliffy@v0.25.4/ansi/tty.ts": "8fb064c17ead6cdf00c2d3bc87a9fd17b1167f2daa575c42b516f38bdb604673",
    "https://raw.githubusercontent.com/myarn/projector/v0.0.2/components/Line/Line.ts": "a82f0fe8bd047f567a5f2ed3e674e9cd70ab907e613298f8e0a5a0d6bc465b55",
    "https://raw.githubusercontent.com/myarn/projector/v0.0.2/components/Line/mod.ts": "b7e90b89a230a73588bc394a6e8d9f9323ae3118183dda6956829393be985bf8",
    "https://raw.githubusercontent.com/myarn/projector/v0.0.2/components/Text/FunctionalText.ts": "3724be0e2b2577e1d8ae1add6b4ea40fb4ad1de90525966ab4f764cd1afffdd9",
    "https://raw.githubusercontent.com/myarn/projector/v0.0.2/components/Text/LoadingIndicator.ts": "71e6b3c5bccf414424678a83be5c6695da314b51f4cfd81dd5fe093d37930572",
    "https://raw.githubusercontent.com/myarn/projector/v0.0.2/components/Text/ProgressBar.ts": "2bf491fe5042047bb1514026844017291cf815b329a6c508139808790ddb0734",
    "https://raw.githubusercontent.com/myarn/projector/v0.0.2/components/Text/Text.ts": "d336e7a367a1760c0fc25b0861728fe1a971577b7f0c13f34546ce258b9e2af9",
    "https://raw.githubusercontent.com/myarn/projector/v0.0.2/components/Text/mod.ts": "e911fd1e7f8109a7b103fd4b6cfb5a3017b62cf7638e87fb4f90dcdcb1dc6a67",
    "https://raw.githubusercontent.com/myarn/projector/v0.0.2/deps.ts": "01ff4b612b627d3b73e3ebf7a7431ac834e55882a95ffdc1c4068cfcb8ba5c69",
    "https://raw.githubusercontent.com/myarn/projector/v0.0.2/mod.ts": "31472b2485c02840a451f58f4e4c1500240a3f642fdb99df875a180c43091a40",
    "https://raw.githubusercontent.com/myarn/projector/v0.0.2/utils.ts": "b5a9eee09d653b37b19f818d58296b7e13d37f1c5ef3de75f2031a14ee441b50"
  }
}
